<?xml version="1.0" encoding="UTF-8" standalone="yes" ?>
<CodeBlocks_project_file>
	<FileVersion major="1" minor="6" />
	<Project>
		<Option title="Engine" />
		<Option makefile_is_custom="1" />
		<Option pch_mode="2" />
		<Option compiler="gcc" />
		<Build>
			<Target title="Debug">
				<Option output="bin/Debug/Engine" imp_lib="$(TARGET_OUTPUT_DIR)$(TARGET_OUTPUT_BASENAME).a" def_file="$(TARGET_OUTPUT_DIR)$(TARGET_OUTPUT_BASENAME).def" prefix_auto="1" extension_auto="1" />
				<Option object_output="obj/Debug/" />
				<Option type="3" />
				<Option compiler="gcc" />
				<Option createStaticLib="1" />
				<Compiler>
					<Add option="-g" />
				</Compiler>
			</Target>
			<Target title="Release">
				<Option output="bin/Release/Engine" imp_lib="$(TARGET_OUTPUT_DIR)$(TARGET_OUTPUT_BASENAME).a" def_file="$(TARGET_OUTPUT_DIR)$(TARGET_OUTPUT_BASENAME).def" prefix_auto="1" extension_auto="1" />
				<Option object_output="obj/Release/" />
				<Option type="3" />
				<Option compiler="gcc" />
				<Option createStaticLib="1" />
				<Compiler>
					<Add option="-O3" />
				</Compiler>
				<Linker>
					<Add option="-s" />
				</Linker>
			</Target>
		</Build>
		<Compiler>
			<Add option="-std=c++11" />
			<Add option="-Wall" />
			<Add option="-fPIC" />
			<Add directory="include" />
		</Compiler>
		<Linker>
			<Add option="-lGL" />
			<Add option="-lSDL2" />
			<Add option="-lSDL2_image" />
			<Add option="-lSDL2_ttf" />
			<Add option="-lm" />
			<Add option="-lassimp" />
		</Linker>
		<Unit filename="Makefile" />
		<Unit filename="include/Engine/Buffer.hpp" />
		<Unit filename="include/Engine/Camera.hpp" />
		<Unit filename="include/Engine/DirLight.hpp" />
		<Unit filename="include/Engine/EngineHead.hpp" />
		<Unit filename="include/Engine/FrameBuffer.hpp" />
		<Unit filename="include/Engine/FreeCam.hpp" />
		<Unit filename="include/Engine/GBuffer.hpp" />
		<Unit filename="include/Engine/Input.hpp" />
		<Unit filename="include/Engine/Light.hpp" />
		<Unit filename="include/Engine/Mesh.hpp" />
		<Unit filename="include/Engine/Model.hpp" />
		<Unit filename="include/Engine/MovableCamera.hpp" />
		<Unit filename="include/Engine/Object.hpp" />
		<Unit filename="include/Engine/PlayerCam.hpp" />
		<Unit filename="include/Engine/Renderer.hpp" />
		<Unit filename="include/Engine/Screen.hpp" />
		<Unit filename="include/Engine/ShaderProgram.hpp" />
		<Unit filename="include/Engine/ShadowMap.hpp" />
		<Unit filename="include/Engine/SkyBox.hpp" />
		<Unit filename="include/Engine/SpotLight.hpp" />
		<Unit filename="include/Engine/TextArray.hpp" />
		<Unit filename="include/Engine/Texture.hpp" />
		<Unit filename="src/Buffer.cpp" />
		<Unit filename="src/Camera.cpp" />
		<Unit filename="src/DirLight.cpp" />
		<Unit filename="src/FrameBuffer.cpp" />
		<Unit filename="src/FreeCam.cpp" />
		<Unit filename="src/GBuffer.cpp" />
		<Unit filename="src/Input.cpp" />
		<Unit filename="src/Light.cpp" />
		<Unit filename="src/Mesh.cpp" />
		<Unit filename="src/Model.cpp" />
		<Unit filename="src/MovableCamera.cpp" />
		<Unit filename="src/Object.cpp" />
		<Unit filename="src/PlayerCam.cpp" />
		<Unit filename="src/Renderer.cpp" />
		<Unit filename="src/Screen.cpp" />
		<Unit filename="src/ShaderProgram.cpp" />
		<Unit filename="src/ShadowMap.cpp" />
		<Unit filename="src/SkyBox.cpp" />
		<Unit filename="src/SpotLight.cpp" />
		<Unit filename="src/TextArray.cpp" />
		<Unit filename="src/Texture.cpp" />
		<Extensions>
			<code_completion />
			<debugger />
			<envvars />
		</Extensions>
	</Project>
</CodeBlocks_project_file>
