<?xml version="1.0" encoding="UTF-8" standalone="yes" ?>
<CodeBlocks_project_file>
	<FileVersion major="1" minor="6" />
	<Project>
		<Option title="Demo" />
		<Option pch_mode="2" />
		<Option compiler="gcc" />
		<Build>
			<Target title="Debug">
				<Option output="bin/Debug/Demo" prefix_auto="1" extension_auto="1" />
				<Option object_output="obj/Debug/" />
				<Option type="1" />
				<Option compiler="gcc" />
				<Compiler>
					<Add option="-g" />
				</Compiler>
				<Linker>
					<Add option="-Wl,-rpath=../Engine/bin/Debug" />
					<Add directory="../Engine/bin/Debug" />
				</Linker>
			</Target>
			<Target title="Release">
				<Option output="bin/Release/Demo" prefix_auto="1" extension_auto="1" />
				<Option object_output="obj/Release/" />
				<Option type="1" />
				<Option compiler="gcc" />
				<Compiler>
					<Add option="-O3" />
				</Compiler>
				<Linker>
					<Add option="-s" />
					<Add option="-Wl,-rpath=../engine/bin/Release" />
					<Add directory="../Engine/bin/Release" />
				</Linker>
			</Target>
		</Build>
		<Compiler>
			<Add option="-std=c++11" />
			<Add option="-Wall" />
			<Add directory="../Engine/include" />
		</Compiler>
		<Linker>
			<Add option="-lEngine" />
		</Linker>
		<Unit filename="shader/background/backgroundFrag.glsl" />
		<Unit filename="shader/background/backgroundVert.glsl" />
		<Unit filename="shader/dirLight/dirLightFrag.glsl" />
		<Unit filename="shader/dirLight/dirLightVert.glsl" />
		<Unit filename="shader/mushroom/mushroomFrag.glsl" />
		<Unit filename="shader/mushroom/mushroomGeom.glsl" />
		<Unit filename="shader/mushroom/mushroomVert.glsl" />
		<Unit filename="shader/object/objectFrag.glsl" />
		<Unit filename="shader/object/objectGeom.glsl" />
		<Unit filename="shader/object/objectVert.glsl" />
		<Unit filename="shader/rainParticles/rainFrag.glsl" />
		<Unit filename="shader/rainParticles/rainGeom.glsl" />
		<Unit filename="shader/rainParticles/rainVert.glsl" />
		<Unit filename="shader/screen/screenFrag.glsl" />
		<Unit filename="shader/screen/screenVert.glsl" />
		<Unit filename="shader/shadow/shadowFrag.glsl" />
		<Unit filename="shader/shadow/shadowVert.glsl" />
		<Unit filename="shader/skybox/skyboxFrag.glsl" />
		<Unit filename="shader/skybox/skyboxVert.glsl" />
		<Unit filename="shader/spotLight/spotLightFrag.glsl" />
		<Unit filename="shader/spotLight/spotLightVert.glsl" />
		<Unit filename="shader/text/textFrag.glsl" />
		<Unit filename="shader/text/textVert.glsl" />
		<Unit filename="shader/vLight/vLightFrag.glsl" />
		<Unit filename="shader/vLight/vLightVert.glsl" />
		<Unit filename="src/Cepe.cpp" />
		<Unit filename="src/Cepe.hpp" />
		<Unit filename="src/Mushroom.cpp" />
		<Unit filename="src/Mushroom.hpp" />
		<Unit filename="src/Phalloide.cpp" />
		<Unit filename="src/Phalloide.hpp" />
		<Unit filename="src/Player.cpp" />
		<Unit filename="src/Player.hpp" />
		<Unit filename="src/Satan.cpp" />
		<Unit filename="src/Satan.hpp" />
		<Unit filename="src/config.cpp" />
		<Unit filename="src/config.hpp" />
		<Unit filename="src/main.cpp" />
		<Extensions>
			<code_completion />
			<debugger />
			<envvars />
		</Extensions>
	</Project>
</CodeBlocks_project_file>
