<?xml version="1.0" encoding="utf-8"?>
<Project ToolsVersion="4.0" xmlns="http://schemas.microsoft.com/developer/msbuild/2003">
  <ItemGroup>
    <Filter Include="Fichiers sources">
      <UniqueIdentifier>{4FC737F1-C7A5-4376-A066-2A32D752A2FF}</UniqueIdentifier>
      <Extensions>cpp;c;cc;cxx;def;odl;idl;hpj;bat;asm;asmx</Extensions>
    </Filter>
    <Filter Include="Fichiers d%27en-tête">
      <UniqueIdentifier>{93995380-89BD-4b04-88EB-625FBE52EBFB}</UniqueIdentifier>
      <Extensions>h;hh;hpp;hxx;hm;inl;inc;xsd</Extensions>
    </Filter>
    <Filter Include="Shader">
      <UniqueIdentifier>{6d780a6a-0a6d-45fe-9b60-e910e39252a9}</UniqueIdentifier>
    </Filter>
  </ItemGroup>
  <ItemGroup>
    <None Include="shader\screen\screenFrag.glsl">
      <Filter>Shader</Filter>
    </None>
    <None Include="shader\screen\screenVert.glsl">
      <Filter>Shader</Filter>
    </None>
    <None Include="shader\shadow\shadowFrag.glsl">
      <Filter>Shader</Filter>
    </None>
    <None Include="shader\shadow\shadowVert.glsl">
      <Filter>Shader</Filter>
    </None>
    <None Include="shader\text\textFrag.glsl">
      <Filter>Shader</Filter>
    </None>
    <None Include="shader\text\textVert.glsl">
      <Filter>Shader</Filter>
    </None>
    <None Include="shader\dirLight\dirLightFrag.glsl">
      <Filter>Shader</Filter>
    </None>
    <None Include="shader\dirLight\dirLightVert.glsl">
      <Filter>Shader</Filter>
    </None>
    <None Include="shader\spotLight\spotLightFrag.glsl">
      <Filter>Shader</Filter>
    </None>
    <None Include="shader\spotLight\spotLightVert.glsl">
      <Filter>Shader</Filter>
    </None>
    <None Include="shader\object\objectFrag.glsl">
      <Filter>Shader</Filter>
    </None>
    <None Include="shader\object\objectGeom.glsl">
      <Filter>Shader</Filter>
    </None>
    <None Include="shader\object\objectVert.glsl">
      <Filter>Shader</Filter>
    </None>
    <None Include="shader\skybox\skyboxFrag.glsl">
      <Filter>Shader</Filter>
    </None>
    <None Include="shader\skybox\skyboxVert.glsl">
      <Filter>Shader</Filter>
    </None>
    <None Include="shader\background\backgroundFrag.glsl">
      <Filter>Shader</Filter>
    </None>
    <None Include="shader\background\backgroundVert.glsl">
      <Filter>Shader</Filter>
    </None>
    <None Include="shader\vLight\vLightVert.glsl">
      <Filter>Shader</Filter>
    </None>
    <None Include="shader\vLight\vLightFrag.glsl">
      <Filter>Shader</Filter>
    </None>
    <None Include="shader\mushroom\mushroomFrag.glsl">
      <Filter>Shader</Filter>
    </None>
    <None Include="shader\mushroom\mushroomGeom.glsl">
      <Filter>Shader</Filter>
    </None>
    <None Include="shader\mushroom\mushroomVert.glsl">
      <Filter>Shader</Filter>
    </None>
    <None Include="shader\rainParticles\rainFrag.glsl">
      <Filter>Shader</Filter>
    </None>
    <None Include="shader\rainParticles\rainGeom.glsl">
      <Filter>Shader</Filter>
    </None>
    <None Include="shader\rainParticles\rainVert.glsl">
      <Filter>Shader</Filter>
    </None>
    <None Include="shader\rainParticles\rainPhysics.glsl">
      <Filter>Shader</Filter>
    </None>
  </ItemGroup>
  <ItemGroup>
    <ClInclude Include="src\config.hpp">
      <Filter>Fichiers d%27en-tête</Filter>
    </ClInclude>
    <ClInclude Include="src\Cepe.hpp">
      <Filter>Fichiers d%27en-tête</Filter>
    </ClInclude>
    <ClInclude Include="src\Phalloide.hpp">
      <Filter>Fichiers d%27en-tête</Filter>
    </ClInclude>
    <ClInclude Include="src\Satan.hpp">
      <Filter>Fichiers d%27en-tête</Filter>
    </ClInclude>
    <ClInclude Include="src\Mushroom.hpp">
      <Filter>Fichiers d%27en-tête</Filter>
    </ClInclude>
    <ClInclude Include="src\Player.hpp">
      <Filter>Fichiers d%27en-tête</Filter>
    </ClInclude>
  </ItemGroup>
  <ItemGroup>
    <ClCompile Include="src\config.cpp">
      <Filter>Fichiers sources</Filter>
    </ClCompile>
    <ClCompile Include="src\main.cpp">
      <Filter>Fichiers sources</Filter>
    </ClCompile>
    <ClCompile Include="src\Cepe.cpp">
      <Filter>Fichiers sources</Filter>
    </ClCompile>
    <ClCompile Include="src\Phalloide.cpp">
      <Filter>Fichiers sources</Filter>
    </ClCompile>
    <ClCompile Include="src\Satan.cpp">
      <Filter>Fichiers sources</Filter>
    </ClCompile>
    <ClCompile Include="src\Mushroom.cpp">
      <Filter>Fichiers sources</Filter>
    </ClCompile>
    <ClCompile Include="src\Player.cpp">
      <Filter>Fichiers sources</Filter>
    </ClCompile>
  </ItemGroup>
</Project>